
Microsoft Visual Studio Solution File, Format Version 12.00
# Visual Studio Version 17
VisualStudioVersion = 17.14.36623.8 d17.14
MinimumVisualStudioVersion = 10.0.40219.1
Project("{FAE04EC0-301F-11D3-BF4B-00C04F79EFBC}") = "ltdt", "ltdt\ltdt.csproj", "{C03AB0D9-E33F-4F96-9F20-7C3BF968602B}"
EndProject
Global
	GlobalSection(SolutionConfigurationPlatforms) = preSolution
		Debug|Any CPU = Debug|Any CPU
		Release|Any CPU = Release|Any CPU
	EndGlobalSection
	GlobalSection(ProjectConfigurationPlatforms) = postSolution
		{C03AB0D9-E33F-4F96-9F20-7C3BF968602B}.Debug|Any CPU.ActiveCfg = Debug|Any CPU
		{C03AB0D9-E33F-4F96-9F20-7C3BF968602B}.Debug|Any CPU.Build.0 = Debug|Any CPU
		{C03AB0D9-E33F-4F96-9F20-7C3BF968602B}.Release|Any CPU.ActiveCfg = Release|Any CPU
		{C03AB0D9-E33F-4F96-9F20-7C3BF968602B}.Release|Any CPU.Build.0 = Release|Any CPU
	EndGlobalSection
	GlobalSection(SolutionProperties) = preSolution
		HideSolutionNode = FALSE
	EndGlobalSection
	GlobalSection(ExtensibilityGlobals) = postSolution
		SolutionGuid = {D1414BDB-E0C7-4D7E-A6E9-EDDA8154CC5F}
	EndGlobalSection
EndGlobal
